
Microsoft Visual Studio Solution File, Format Version 12.00
# Visual Studio Version 17
VisualStudioVersion = 17.6.33723.286
MinimumVisualStudioVersion = 10.0.40219.1
Project("{9A19103F-16F7-4668-BE54-9A1E7A4F7556}") = "Algoritma", "Algoritma\Algoritma.csproj", "{1AAF1293-9D67-4D2E-B589-2CFFC0CC4B77}"
EndProject
Project("{FAE04EC0-301F-11D3-BF4B-00C04F79EFBC}") = "02_Degiskenler", "02_Degiskenler\02_Degiskenler.csproj", "{A2A801AB-11BB-4AA6-81D6-BF4889438EBC}"
EndProject
Global
	GlobalSection(SolutionConfigurationPlatforms) = preSolution
		Debug|Any CPU = Debug|Any CPU
		Release|Any CPU = Release|Any CPU
	EndGlobalSection
	GlobalSection(ProjectConfigurationPlatforms) = postSolution
		{1AAF1293-9D67-4D2E-B589-2CFFC0CC4B77}.Debug|Any CPU.ActiveCfg = Debug|Any CPU
		{1AAF1293-9D67-4D2E-B589-2CFFC0CC4B77}.Debug|Any CPU.Build.0 = Debug|Any CPU
		{1AAF1293-9D67-4D2E-B589-2CFFC0CC4B77}.Release|Any CPU.ActiveCfg = Release|Any CPU
		{1AAF1293-9D67-4D2E-B589-2CFFC0CC4B77}.Release|Any CPU.Build.0 = Release|Any CPU
		{A2A801AB-11BB-4AA6-81D6-BF4889438EBC}.Debug|Any CPU.ActiveCfg = Debug|Any CPU
		{A2A801AB-11BB-4AA6-81D6-BF4889438EBC}.Debug|Any CPU.Build.0 = Debug|Any CPU
		{A2A801AB-11BB-4AA6-81D6-BF4889438EBC}.Release|Any CPU.ActiveCfg = Release|Any CPU
		{A2A801AB-11BB-4AA6-81D6-BF4889438EBC}.Release|Any CPU.Build.0 = Release|Any CPU
	EndGlobalSection
	GlobalSection(SolutionProperties) = preSolution
		HideSolutionNode = FALSE
	EndGlobalSection
	GlobalSection(ExtensibilityGlobals) = postSolution
		SolutionGuid = {2CAF00DE-72B1-4D62-9A68-B446F1F37C4C}
	EndGlobalSection
EndGlobal
