
Microsoft Visual Studio Solution File, Format Version 12.00
# Visual Studio Version 17
VisualStudioVersion = 17.11.35312.102
MinimumVisualStudioVersion = 10.0.40219.1
Project("{FAE04EC0-301F-11D3-BF4B-00C04F79EFBC}") = "02_Arrays", "02_Arrays\02_Arrays.csproj", "{F9BE6280-796C-4406-97A8-EB3DC10C735E}"
EndProject
Project("{FAE04EC0-301F-11D3-BF4B-00C04F79EFBC}") = "ProjeOtomatMakinesi", "ProjeOtomatMakinesi\ProjeOtomatMakinesi.csproj", "{9D8C417E-CB8F-4A5A-A436-1002345D796C}"
EndProject
Global
	GlobalSection(SolutionConfigurationPlatforms) = preSolution
		Debug|Any CPU = Debug|Any CPU
		Release|Any CPU = Release|Any CPU
	EndGlobalSection
	GlobalSection(ProjectConfigurationPlatforms) = postSolution
		{F9BE6280-796C-4406-97A8-EB3DC10C735E}.Debug|Any CPU.ActiveCfg = Debug|Any CPU
		{F9BE6280-796C-4406-97A8-EB3DC10C735E}.Debug|Any CPU.Build.0 = Debug|Any CPU
		{F9BE6280-796C-4406-97A8-EB3DC10C735E}.Release|Any CPU.ActiveCfg = Release|Any CPU
		{F9BE6280-796C-4406-97A8-EB3DC10C735E}.Release|Any CPU.Build.0 = Release|Any CPU
		{9D8C417E-CB8F-4A5A-A436-1002345D796C}.Debug|Any CPU.ActiveCfg = Debug|Any CPU
		{9D8C417E-CB8F-4A5A-A436-1002345D796C}.Debug|Any CPU.Build.0 = Debug|Any CPU
		{9D8C417E-CB8F-4A5A-A436-1002345D796C}.Release|Any CPU.ActiveCfg = Release|Any CPU
		{9D8C417E-CB8F-4A5A-A436-1002345D796C}.Release|Any CPU.Build.0 = Release|Any CPU
	EndGlobalSection
	GlobalSection(SolutionProperties) = preSolution
		HideSolutionNode = FALSE
	EndGlobalSection
	GlobalSection(ExtensibilityGlobals) = postSolution
		SolutionGuid = {43677FC1-D6A8-477B-8F06-A5D61546DD90}
	EndGlobalSection
EndGlobal
