
Microsoft Visual Studio Solution File, Format Version 12.00
# Visual Studio Version 17
VisualStudioVersion = 17.11.35312.102
MinimumVisualStudioVersion = 10.0.40219.1
Project("{FAE04EC0-301F-11D3-BF4B-00C04F79EFBC}") = "01_Tur_donusum", "01_Tur_donusum\01_Tur_donusum.csproj", "{41F34AF9-DA17-4524-831E-45A892BAE861}"
EndProject
Project("{2150E333-8FDC-42A3-9474-1A3956D46DE8}") = "Solution Items", "Solution Items", "{BFC10B0C-7B03-435D-96E5-AFF5BFC9CA44}"
	ProjectSection(SolutionItems) = preProject
		.editorconfig = .editorconfig
	EndProjectSection
EndProject
Global
	GlobalSection(SolutionConfigurationPlatforms) = preSolution
		Debug|Any CPU = Debug|Any CPU
		Release|Any CPU = Release|Any CPU
	EndGlobalSection
	GlobalSection(ProjectConfigurationPlatforms) = postSolution
		{41F34AF9-DA17-4524-831E-45A892BAE861}.Debug|Any CPU.ActiveCfg = Debug|Any CPU
		{41F34AF9-DA17-4524-831E-45A892BAE861}.Debug|Any CPU.Build.0 = Debug|Any CPU
		{41F34AF9-DA17-4524-831E-45A892BAE861}.Release|Any CPU.ActiveCfg = Release|Any CPU
		{41F34AF9-DA17-4524-831E-45A892BAE861}.Release|Any CPU.Build.0 = Release|Any CPU
	EndGlobalSection
	GlobalSection(SolutionProperties) = preSolution
		HideSolutionNode = FALSE
	EndGlobalSection
	GlobalSection(ExtensibilityGlobals) = postSolution
		SolutionGuid = {A7478B55-5D3A-4764-88FE-96C14C5281C4}
	EndGlobalSection
EndGlobal
